<?xml version="1.0" encoding="utf-8"?>
<Project ToolsVersion="4.0" xmlns="http://schemas.microsoft.com/developer/msbuild/2003">
  <ItemGroup>
    <Filter Include="InputWidgets">
      <UniqueIdentifier>{c89bd8ed-df09-4f51-983f-cebe4121249d}</UniqueIdentifier>
    </Filter>
    <Filter Include="Global">
      <UniqueIdentifier>{93995380-89BD-4b04-88EB-625FBE52EBFB}</UniqueIdentifier>
      <Extensions>h;hh;hpp;hxx;hm;inl;inc;xsd</Extensions>
    </Filter>
    <Filter Include="Video">
      <UniqueIdentifier>{47f01226-0f46-4eb1-b762-4b50d875a1b2}</UniqueIdentifier>
    </Filter>
    <Filter Include="Resource">
      <UniqueIdentifier>{7691d853-5e11-42e7-b857-eb003e795d80}</UniqueIdentifier>
    </Filter>
  </ItemGroup>
  <ItemGroup>
    <ClCompile Include="InputWidgets\MCSlider.cpp">
      <Filter>InputWidgets</Filter>
    </ClCompile>
    <ClCompile Include="Video\MCVideoPlayer.cpp">
      <Filter>Video</Filter>
    </ClCompile>
    <ClCompile Include="Video\MCVideoWidget.cpp">
      <Filter>Video</Filter>
    </ClCompile>
    <ClCompile Include="Video\MCVideoFrame.cpp">
      <Filter>Video</Filter>
    </ClCompile>
  </ItemGroup>
  <ItemGroup>
    <QtMoc Include="InputWidgets\MCSlider.h">
      <Filter>InputWidgets</Filter>
    </QtMoc>
    <QtMoc Include="Video\MCVideoPlayer.h">
      <Filter>Video</Filter>
    </QtMoc>
    <QtMoc Include="Video\MCVideoWidget.h">
      <Filter>Video</Filter>
    </QtMoc>
    <QtMoc Include="Video\MCVideoFrame.h">
      <Filter>Video</Filter>
    </QtMoc>
  </ItemGroup>
  <ItemGroup>
    <ClInclude Include="Global\MCWidget_Global.h">
      <Filter>Global</Filter>
    </ClInclude>
  </ItemGroup>
  <ItemGroup>
    <QtRcc Include="Resource.qrc">
      <Filter>Resource</Filter>
    </QtRcc>
  </ItemGroup>
</Project>